
Microsoft Visual Studio Solution File, Format Version 12.00
# Visual Studio Version 17
VisualStudioVersion = 17.7.34221.43
MinimumVisualStudioVersion = 10.0.40219.1
Project("{FAE04EC0-301F-11D3-BF4B-00C04F79EFBC}") = "Threading", "Threading.csproj", "{258109DD-773D-436C-9D6F-B0C5361DBFFC}"
EndProject
Global
	GlobalSection(SolutionConfigurationPlatforms) = preSolution
		Debug|Any CPU = Debug|Any CPU
		Release|Any CPU = Release|Any CPU
	EndGlobalSection
	GlobalSection(ProjectConfigurationPlatforms) = postSolution
		{258109DD-773D-436C-9D6F-B0C5361DBFFC}.Debug|Any CPU.ActiveCfg = Debug|Any CPU
		{258109DD-773D-436C-9D6F-B0C5361DBFFC}.Debug|Any CPU.Build.0 = Debug|Any CPU
		{258109DD-773D-436C-9D6F-B0C5361DBFFC}.Release|Any CPU.ActiveCfg = Release|Any CPU
		{258109DD-773D-436C-9D6F-B0C5361DBFFC}.Release|Any CPU.Build.0 = Release|Any CPU
	EndGlobalSection
	GlobalSection(SolutionProperties) = preSolution
		HideSolutionNode = FALSE
	EndGlobalSection
	GlobalSection(ExtensibilityGlobals) = postSolution
		SolutionGuid = {E6761144-F6FE-46C0-ACF0-8C092B250DB9}
	EndGlobalSection
EndGlobal
